<?xml version="1.0" encoding="utf-8"?>
<Project ToolsVersion="4.0" xmlns="http://schemas.microsoft.com/developer/msbuild/2003">
  <ItemGroup>
    <Filter Include="Source Files">
      <UniqueIdentifier>{9888595d-794b-4e44-bca5-f41b7babdc62}</UniqueIdentifier>
      <Extensions>cpp</Extensions>
    </Filter>
    <Filter Include="Header Files">
      <UniqueIdentifier>{f30fecf8-08d8-4738-9351-f3e1e0c29fb2}</UniqueIdentifier>
      <Extensions>h</Extensions>
    </Filter>
    <Filter Include="Miscellaneous Files">
      <UniqueIdentifier>{e9e843d9-cfcb-4f42-9a66-9b48f7cf647c}</UniqueIdentifier>
      <Extensions>txt</Extensions>
    </Filter>
  </ItemGroup>
  <ItemGroup>
    <Text Include="ReadMe.txt">
      <Filter>Miscellaneous Files</Filter>
    </Text>
    <Text Include="Options.txt">
      <Filter>Miscellaneous Files</Filter>
    </Text>
  </ItemGroup>
  <ItemGroup>
    <ClCompile Include="pluginMain.cpp">
      <Filter>Source Files</Filter>
    </ClCompile>
    <ClCompile Include="TestGrowCommand_doIt.cpp">
      <Filter>Source Files</Filter>
    </ClCompile>
    <ClCompile Include="BranchMesh.cpp">
      <Filter>Source Files</Filter>
    </ClCompile>
    <ClCompile Include="Operators.cpp">
      <Filter>Source Files</Filter>
    </ClCompile>
    <ClCompile Include="PhotMath.cpp">
      <Filter>Source Files</Filter>
    </ClCompile>
    <ClCompile Include="TestGrowCommand_newSyntax.cpp">
      <Filter>Source Files</Filter>
    </ClCompile>
  </ItemGroup>
  <ItemGroup>
    <ClInclude Include="TestGrowCommand.h">
      <Filter>Header Files</Filter>
    </ClInclude>
    <ClInclude Include="BranchMesh.h">
      <Filter>Header Files</Filter>
    </ClInclude>
    <ClInclude Include="Operators.h">
      <Filter>Header Files</Filter>
    </ClInclude>
    <ClInclude Include="PhotMath.h">
      <Filter>Header Files</Filter>
    </ClInclude>
    <ClInclude Include="Segment.h">
      <Filter>Header Files</Filter>
    </ClInclude>
  </ItemGroup>
</Project>